
Microsoft Visual Studio Solution File, Format Version 12.00
# Visual Studio 15
VisualStudioVersion = 15.0.28010.2019
MinimumVisualStudioVersion = 10.0.40219.1
Project("{8BC9CEB8-8B4A-11D0-8D11-00A0C91BC942}") = "RPCClient", "RPCClient\RPCClient.vcxproj", "{926623C4-7FC3-4D0B-A8FB-22538A685BB2}"
EndProject
Global
	GlobalSection(SolutionConfigurationPlatforms) = preSolution
		Debug|x64 = Debug|x64
		Debug|x86 = Debug|x86
		Release|x64 = Release|x64
		Release|x86 = Release|x86
	EndGlobalSection
	GlobalSection(ProjectConfigurationPlatforms) = postSolution
		{926623C4-7FC3-4D0B-A8FB-22538A685BB2}.Debug|x64.ActiveCfg = Debug|x64
		{926623C4-7FC3-4D0B-A8FB-22538A685BB2}.Debug|x64.Build.0 = Debug|x64
		{926623C4-7FC3-4D0B-A8FB-22538A685BB2}.Debug|x86.ActiveCfg = Debug|Win32
		{926623C4-7FC3-4D0B-A8FB-22538A685BB2}.Debug|x86.Build.0 = Debug|Win32
		{926623C4-7FC3-4D0B-A8FB-22538A685BB2}.Release|x64.ActiveCfg = Release|x64
		{926623C4-7FC3-4D0B-A8FB-22538A685BB2}.Release|x64.Build.0 = Release|x64
		{926623C4-7FC3-4D0B-A8FB-22538A685BB2}.Release|x86.ActiveCfg = Release|Win32
		{926623C4-7FC3-4D0B-A8FB-22538A685BB2}.Release|x86.Build.0 = Release|Win32
	EndGlobalSection
	GlobalSection(SolutionProperties) = preSolution
		HideSolutionNode = FALSE
	EndGlobalSection
	GlobalSection(ExtensibilityGlobals) = postSolution
		SolutionGuid = {CE9D7472-04F0-48B9-B3B8-77CF3AD039F8}
	EndGlobalSection
EndGlobal
